
Microsoft Visual Studio Solution File, Format Version 12.00
# Visual Studio 15
VisualStudioVersion = 15.0.28010.2036
MinimumVisualStudioVersion = 10.0.40219.1
Project("{9A19103F-16F7-4668-BE54-9A1E7A4F7556}") = "SkiaSharp.Waveform", "SkiaSharp.Waveform\SkiaSharp.Waveform.csproj", "{94BEDE4D-B7A6-4873-8BA7-D33B86C80F96}"
EndProject
Project("{FAE04EC0-301F-11D3-BF4B-00C04F79EFBC}") = "SkiaSharp.Waveform.TestHarness.iOS", "SkiaSharp.Waveform.TestHarness.iOS\SkiaSharp.Waveform.TestHarness.iOS.csproj", "{80A96B52-6758-4BDB-B0B4-CEA4CA155C60}"
EndProject
Project("{FAE04EC0-301F-11D3-BF4B-00C04F79EFBC}") = "SkiaSharp.Waveform.TestHarness.UWP", "SkiaSharp.Waveform.TestHarness.UWP\SkiaSharp.Waveform.TestHarness.UWP.csproj", "{F7D0554E-3B43-44AC-8040-8C407E5379D6}"
EndProject
Global
	GlobalSection(SolutionConfigurationPlatforms) = preSolution
		Debug|Any CPU = Debug|Any CPU
		Debug|ARM = Debug|ARM
		Debug|iPhone = Debug|iPhone
		Debug|iPhoneSimulator = Debug|iPhoneSimulator
		Debug|x64 = Debug|x64
		Debug|x86 = Debug|x86
		Release|Any CPU = Release|Any CPU
		Release|ARM = Release|ARM
		Release|iPhone = Release|iPhone
		Release|iPhoneSimulator = Release|iPhoneSimulator
		Release|x64 = Release|x64
		Release|x86 = Release|x86
	EndGlobalSection
	GlobalSection(ProjectConfigurationPlatforms) = postSolution
		{94BEDE4D-B7A6-4873-8BA7-D33B86C80F96}.Debug|Any CPU.ActiveCfg = Debug|Any CPU
		{94BEDE4D-B7A6-4873-8BA7-D33B86C80F96}.Debug|Any CPU.Build.0 = Debug|Any CPU
		{94BEDE4D-B7A6-4873-8BA7-D33B86C80F96}.Debug|ARM.ActiveCfg = Debug|Any CPU
		{94BEDE4D-B7A6-4873-8BA7-D33B86C80F96}.Debug|ARM.Build.0 = Debug|Any CPU
		{94BEDE4D-B7A6-4873-8BA7-D33B86C80F96}.Debug|iPhone.ActiveCfg = Debug|Any CPU
		{94BEDE4D-B7A6-4873-8BA7-D33B86C80F96}.Debug|iPhone.Build.0 = Debug|Any CPU
		{94BEDE4D-B7A6-4873-8BA7-D33B86C80F96}.Debug|iPhoneSimulator.ActiveCfg = Debug|Any CPU
		{94BEDE4D-B7A6-4873-8BA7-D33B86C80F96}.Debug|iPhoneSimulator.Build.0 = Debug|Any CPU
		{94BEDE4D-B7A6-4873-8BA7-D33B86C80F96}.Debug|x64.ActiveCfg = Debug|Any CPU
		{94BEDE4D-B7A6-4873-8BA7-D33B86C80F96}.Debug|x64.Build.0 = Debug|Any CPU
		{94BEDE4D-B7A6-4873-8BA7-D33B86C80F96}.Debug|x86.ActiveCfg = Debug|Any CPU
		{94BEDE4D-B7A6-4873-8BA7-D33B86C80F96}.Debug|x86.Build.0 = Debug|Any CPU
		{94BEDE4D-B7A6-4873-8BA7-D33B86C80F96}.Release|Any CPU.ActiveCfg = Release|Any CPU
		{94BEDE4D-B7A6-4873-8BA7-D33B86C80F96}.Release|Any CPU.Build.0 = Release|Any CPU
		{94BEDE4D-B7A6-4873-8BA7-D33B86C80F96}.Release|ARM.ActiveCfg = Release|Any CPU
		{94BEDE4D-B7A6-4873-8BA7-D33B86C80F96}.Release|ARM.Build.0 = Release|Any CPU
		{94BEDE4D-B7A6-4873-8BA7-D33B86C80F96}.Release|iPhone.ActiveCfg = Release|Any CPU
		{94BEDE4D-B7A6-4873-8BA7-D33B86C80F96}.Release|iPhone.Build.0 = Release|Any CPU
		{94BEDE4D-B7A6-4873-8BA7-D33B86C80F96}.Release|iPhoneSimulator.ActiveCfg = Release|Any CPU
		{94BEDE4D-B7A6-4873-8BA7-D33B86C80F96}.Release|iPhoneSimulator.Build.0 = Release|Any CPU
		{94BEDE4D-B7A6-4873-8BA7-D33B86C80F96}.Release|x64.ActiveCfg = Release|Any CPU
		{94BEDE4D-B7A6-4873-8BA7-D33B86C80F96}.Release|x64.Build.0 = Release|Any CPU
		{94BEDE4D-B7A6-4873-8BA7-D33B86C80F96}.Release|x86.ActiveCfg = Release|Any CPU
		{94BEDE4D-B7A6-4873-8BA7-D33B86C80F96}.Release|x86.Build.0 = Release|Any CPU
		{80A96B52-6758-4BDB-B0B4-CEA4CA155C60}.Debug|Any CPU.ActiveCfg = Debug|iPhone
		{80A96B52-6758-4BDB-B0B4-CEA4CA155C60}.Debug|ARM.ActiveCfg = Debug|iPhoneSimulator
		{80A96B52-6758-4BDB-B0B4-CEA4CA155C60}.Debug|iPhone.ActiveCfg = Debug|iPhone
		{80A96B52-6758-4BDB-B0B4-CEA4CA155C60}.Debug|iPhone.Build.0 = Debug|iPhone
		{80A96B52-6758-4BDB-B0B4-CEA4CA155C60}.Debug|iPhoneSimulator.ActiveCfg = Debug|iPhoneSimulator
		{80A96B52-6758-4BDB-B0B4-CEA4CA155C60}.Debug|iPhoneSimulator.Build.0 = Debug|iPhoneSimulator
		{80A96B52-6758-4BDB-B0B4-CEA4CA155C60}.Debug|x64.ActiveCfg = Debug|iPhoneSimulator
		{80A96B52-6758-4BDB-B0B4-CEA4CA155C60}.Debug|x86.ActiveCfg = Debug|iPhoneSimulator
		{80A96B52-6758-4BDB-B0B4-CEA4CA155C60}.Release|Any CPU.ActiveCfg = Release|iPhone
		{80A96B52-6758-4BDB-B0B4-CEA4CA155C60}.Release|ARM.ActiveCfg = Release|iPhoneSimulator
		{80A96B52-6758-4BDB-B0B4-CEA4CA155C60}.Release|iPhone.ActiveCfg = Release|iPhone
		{80A96B52-6758-4BDB-B0B4-CEA4CA155C60}.Release|iPhone.Build.0 = Release|iPhone
		{80A96B52-6758-4BDB-B0B4-CEA4CA155C60}.Release|iPhoneSimulator.ActiveCfg = Release|iPhoneSimulator
		{80A96B52-6758-4BDB-B0B4-CEA4CA155C60}.Release|iPhoneSimulator.Build.0 = Release|iPhoneSimulator
		{80A96B52-6758-4BDB-B0B4-CEA4CA155C60}.Release|x64.ActiveCfg = Release|iPhoneSimulator
		{80A96B52-6758-4BDB-B0B4-CEA4CA155C60}.Release|x86.ActiveCfg = Release|iPhoneSimulator
		{F7D0554E-3B43-44AC-8040-8C407E5379D6}.Debug|Any CPU.ActiveCfg = Debug|x86
		{F7D0554E-3B43-44AC-8040-8C407E5379D6}.Debug|ARM.ActiveCfg = Debug|ARM
		{F7D0554E-3B43-44AC-8040-8C407E5379D6}.Debug|ARM.Build.0 = Debug|ARM
		{F7D0554E-3B43-44AC-8040-8C407E5379D6}.Debug|ARM.Deploy.0 = Debug|ARM
		{F7D0554E-3B43-44AC-8040-8C407E5379D6}.Debug|iPhone.ActiveCfg = Debug|x86
		{F7D0554E-3B43-44AC-8040-8C407E5379D6}.Debug|iPhoneSimulator.ActiveCfg = Debug|x86
		{F7D0554E-3B43-44AC-8040-8C407E5379D6}.Debug|x64.ActiveCfg = Debug|x64
		{F7D0554E-3B43-44AC-8040-8C407E5379D6}.Debug|x64.Build.0 = Debug|x64
		{F7D0554E-3B43-44AC-8040-8C407E5379D6}.Debug|x64.Deploy.0 = Debug|x64
		{F7D0554E-3B43-44AC-8040-8C407E5379D6}.Debug|x86.ActiveCfg = Debug|x86
		{F7D0554E-3B43-44AC-8040-8C407E5379D6}.Debug|x86.Build.0 = Debug|x86
		{F7D0554E-3B43-44AC-8040-8C407E5379D6}.Debug|x86.Deploy.0 = Debug|x86
		{F7D0554E-3B43-44AC-8040-8C407E5379D6}.Release|Any CPU.ActiveCfg = Release|x86
		{F7D0554E-3B43-44AC-8040-8C407E5379D6}.Release|ARM.ActiveCfg = Release|ARM
		{F7D0554E-3B43-44AC-8040-8C407E5379D6}.Release|ARM.Build.0 = Release|ARM
		{F7D0554E-3B43-44AC-8040-8C407E5379D6}.Release|ARM.Deploy.0 = Release|ARM
		{F7D0554E-3B43-44AC-8040-8C407E5379D6}.Release|iPhone.ActiveCfg = Release|x86
		{F7D0554E-3B43-44AC-8040-8C407E5379D6}.Release|iPhoneSimulator.ActiveCfg = Release|x86
		{F7D0554E-3B43-44AC-8040-8C407E5379D6}.Release|x64.ActiveCfg = Release|x64
		{F7D0554E-3B43-44AC-8040-8C407E5379D6}.Release|x64.Build.0 = Release|x64
		{F7D0554E-3B43-44AC-8040-8C407E5379D6}.Release|x64.Deploy.0 = Release|x64
		{F7D0554E-3B43-44AC-8040-8C407E5379D6}.Release|x86.ActiveCfg = Release|x86
		{F7D0554E-3B43-44AC-8040-8C407E5379D6}.Release|x86.Build.0 = Release|x86
		{F7D0554E-3B43-44AC-8040-8C407E5379D6}.Release|x86.Deploy.0 = Release|x86
	EndGlobalSection
	GlobalSection(SolutionProperties) = preSolution
		HideSolutionNode = FALSE
	EndGlobalSection
	GlobalSection(ExtensibilityGlobals) = postSolution
		SolutionGuid = {7F6B9CEB-0962-4BEA-A97C-AABE3CC5B1D5}
	EndGlobalSection
EndGlobal
